version = 1
revision = 3
requires-python = "==3.11.*"

[[package]]
name = "async-timeout"
version = "5.0.1"
source = { registry = "https://pypi.org/simple" }
sdist = { url = "https://files.pythonhosted.org/packages/a5/ae/136395dfbfe00dfc94da3f3e136d0b13f394cba8f4841120e34226265780/async_timeout-5.0.1.tar.gz", hash = "sha256:d9321a7a3d5a6a5e187e824d2fa0793ce379a202935782d555d6e9d2735677d3", size = 9274, upload-time = "2024-11-06T16:41:39.6Z" }
wheels = [
    { url = "https://files.pythonhosted.org/packages/fe/ba/e2081de779ca30d473f21f5b30e0e737c438205440784c7dfc81efc2b029/async_timeout-5.0.1-py3-none-any.whl", hash = "sha256:39e3809566ff85354557ec2398b55e096c8364bacac9405a7a1fa429e77fe76c", size = 6233, upload-time = "2024-11-06T16:41:37.9Z" },
]

[[package]]
name = "cffi"
version = "2.0.0"
source = { registry = "https://pypi.org/simple" }
dependencies = [
    { name = "pycparser", marker = "implementation_name != 'PyPy'" },
]
sdist = { url = "https://files.pythonhosted.org/packages/eb/56/b1ba7935a17738ae8453301356628e8147c79dbb825bcbc73dc7401f9846/cffi-2.0.0.tar.gz", hash = "sha256:44d1b5909021139fe36001ae048dbdde8214afa20200eda0f64c068cac5d5529", size = 523588, upload-time = "2025-09-08T23:24:04.541Z" }
wheels = [
    { url = "https://files.pythonhosted.org/packages/12/4a/3dfd5f7850cbf0d06dc84ba9aa00db766b52ca38d8b86e3a38314d52498c/cffi-2.0.0-cp311-cp311-macosx_10_13_x86_64.whl", hash = "sha256:b4c854ef3adc177950a8dfc81a86f5115d2abd545751a304c5bcf2c2c7283cfe", size = 184344, upload-time = "2025-09-08T23:22:26.456Z" },
    { url = "https://files.pythonhosted.org/packages/4f/8b/f0e4c441227ba756aafbe78f117485b25bb26b1c059d01f137fa6d14896b/cffi-2.0.0-cp311-cp311-macosx_11_0_arm64.whl", hash = "sha256:2de9a304e27f7596cd03d16f1b7c72219bd944e99cc52b84d0145aefb07cbd3c", size = 180560, upload-time = "2025-09-08T23:22:28.197Z" },
    { url = "https://files.pythonhosted.org/packages/b1/b7/1200d354378ef52ec227395d95c2576330fd22a869f7a70e88e1447eb234/cffi-2.0.0-cp311-cp311-manylinux1_i686.manylinux2014_i686.manylinux_2_17_i686.manylinux_2_5_i686.whl", hash = "sha256:baf5215e0ab74c16e2dd324e8ec067ef59e41125d3eade2b863d294fd5035c92", size = 209613, upload-time = "2025-09-08T23:22:29.475Z" },
    { url = "https://files.pythonhosted.org/packages/b8/56/6033f5e86e8cc9bb629f0077ba71679508bdf54a9a5e112a3c0b91870332/cffi-2.0.0-cp311-cp311-manylinux2014_aarch64.manylinux_2_17_aarch64.whl", hash = "sha256:730cacb21e1bdff3ce90babf007d0a0917cc3e6492f336c2f0134101e0944f93", size = 216476, upload-time = "2025-09-08T23:22:31.063Z" },
    { url = "https://files.pythonhosted.org/packages/dc/7f/55fecd70f7ece178db2f26128ec41430d8720f2d12ca97bf8f0a628207d5/cffi-2.0.0-cp311-cp311-manylinux2014_ppc64le.manylinux_2_17_ppc64le.whl", hash = "sha256:6824f87845e3396029f3820c206e459ccc91760e8fa24422f8b0c3d1731cbec5", size = 203374, upload-time = "2025-09-08T23:22:32.507Z" },
    { url = "https://files.pythonhosted.org/packages/84/ef/a7b77c8bdc0f77adc3b46888f1ad54be8f3b7821697a7b89126e829e676a/cffi-2.0.0-cp311-cp311-manylinux2014_s390x.manylinux_2_17_s390x.whl", hash = "sha256:9de40a7b0323d889cf8d23d1ef214f565ab154443c42737dfe52ff82cf857664", size = 202597, upload-time = "2025-09-08T23:22:34.132Z" },
    { url = "https://files.pythonhosted.org/packages/d7/91/500d892b2bf36529a75b77958edfcd5ad8e2ce4064ce2ecfeab2125d72d1/cffi-2.0.0-cp311-cp311-manylinux2014_x86_64.manylinux_2_17_x86_64.whl", hash = "sha256:8941aaadaf67246224cee8c3803777eed332a19d909b47e29c9842ef1e79ac26", size = 215574, upload-time = "2025-09-08T23:22:35.443Z" },
    { url = "https://files.pythonhosted.org/packages/44/64/58f6255b62b101093d5df22dcb752596066c7e89dd725e0afaed242a61be/cffi-2.0.0-cp311-cp311-musllinux_1_2_aarch64.whl", hash = "sha256:a05d0c237b3349096d3981b727493e22147f934b20f6f125a3eba8f994bec4a9", size = 218971, upload-time = "2025-09-08T23:22:36.805Z" },
    { url = "https://files.pythonhosted.org/packages/ab/49/fa72cebe2fd8a55fbe14956f9970fe8eb1ac59e5df042f603ef7c8ba0adc/cffi-2.0.0-cp311-cp311-musllinux_1_2_i686.whl", hash = "sha256:94698a9c5f91f9d138526b48fe26a199609544591f859c870d477351dc7b2414", size = 211972, upload-time = "2025-09-08T23:22:38.436Z" },
    { url = "https://files.pythonhosted.org/packages/0b/28/dd0967a76aab36731b6ebfe64dec4e981aff7e0608f60c2d46b46982607d/cffi-2.0.0-cp311-cp311-musllinux_1_2_x86_64.whl", hash = "sha256:5fed36fccc0612a53f1d4d9a816b50a36702c28a2aa880cb8a122b3466638743", size = 217078, upload-time = "2025-09-08T23:22:39.776Z" },
    { url = "https://files.pythonhosted.org/packages/2b/c0/015b25184413d7ab0a410775fdb4a50fca20f5589b5dab1dbbfa3baad8ce/cffi-2.0.0-cp311-cp311-win32.whl", hash = "sha256:c649e3a33450ec82378822b3dad03cc228b8f5963c0c12fc3b1e0ab940f768a5", size = 172076, upload-time = "2025-09-08T23:22:40.95Z" },
    { url = "https://files.pythonhosted.org/packages/ae/8f/dc5531155e7070361eb1b7e4c1a9d896d0cb21c49f807a6c03fd63fc877e/cffi-2.0.0-cp311-cp311-win_amd64.whl", hash = "sha256:66f011380d0e49ed280c789fbd08ff0d40968ee7b665575489afa95c98196ab5", size = 182820, upload-time = "2025-09-08T23:22:42.463Z" },
    { url = "https://files.pythonhosted.org/packages/95/5c/1b493356429f9aecfd56bc171285a4c4ac8697f76e9bbbbb105e537853a1/cffi-2.0.0-cp311-cp311-win_arm64.whl", hash = "sha256:c6638687455baf640e37344fe26d37c404db8b80d037c3d29f58fe8d1c3b194d", size = 177635, upload-time = "2025-09-08T23:22:43.623Z" },
]

[[package]]
name = "gabriel-protocol"
version = "5.0"
source = { registry = "https://pypi.org/simple" }
dependencies = [
    { name = "grpcio" },
    { name = "protobuf" },
]
sdist = { url = "https://files.pythonhosted.org/packages/71/15/ced6cda2c40dc767b96be071272f8a65fd51ca5dc9e737628f8e0e91b286/gabriel_protocol-5.0.tar.gz", hash = "sha256:54617f079284f5f321da1953fa242f2d205acfaa5c7492e6e92f4fc55614e719", size = 10068, upload-time = "2026-07-31T14:51:01.361Z" }
wheels = [
    { url = "https://files.pythonhosted.org/packages/1d/21/3335eea49cb323284f61a8058e5c6c0f489981d1328f2399fac447dc8608/gabriel_protocol-5.0-py3-none-any.whl", hash = "sha256:a0d726e27776c3ad6330ca9762bdf8cf11e59ea49009374a0f50fb9b0fb2385c", size = 11670, upload-time = "2026-07-31T14:51:00.314Z" },
]

[[package]]
name = "gabriel-server"
version = "5.0.0"
source = { registry = "https://pypi.org/simple" }
dependencies = [
    { name = "gabriel-protocol" },
    { name = "grpcio" },
    { name = "prometheus-client" },
    { name = "protobuf" },
    { name = "pyzmq" },
    { name = "websockets" },
]
sdist = { url = "https://files.pythonhosted.org/packages/d8/22/d1de129555b600c29868b2d745256cfbdc0af4f328b990ad62ec4c8bae4d/gabriel_server-5.0.0.tar.gz", hash = "sha256:29f130f79b609793517bc0d4a7cae63a70f1373dcfa28a247ff7ce3429860c62", size = 28130, upload-time = "2026-07-31T14:52:36.084Z" }
wheels = [
    { url = "https://files.pythonhosted.org/packages/b5/39/3f4347753a348f4168c4a7627b72e7bd77f88670c6b412aed5e01df29f17/gabriel_server-5.0.0-py3-none-any.whl", hash = "sha256:ee4a6f068dbf26da502cb80b51f32a3a5207eeead9fa452c3cf1b6543f4ecd63", size = 32403, upload-time = "2026-07-31T14:52:34.979Z" },
]

[[package]]
name = "grpcio"
version = "1.83.0"
source = { registry = "https://pypi.org/simple" }
dependencies = [
    { name = "typing-extensions" },
]
sdist = { url = "https://files.pythonhosted.org/packages/0c/98/304898ac4e04e2d5e4e4c2eadc178b1f2a16d5f4bc2f91306c87d64680b9/grpcio-1.83.0.tar.gz", hash = "sha256:7674587248fbbb2ac6e4eecf83a8a0f3d91a928f941de571acfd3a2f007fbc24", size = 13428824, upload-time = "2026-07-23T15:20:37.759Z" }
wheels = [
    { url = "https://files.pythonhosted.org/packages/d3/f6/3b781cd07a715ea5f5125ae264226e7fc4d87603d6d3955022cabfdc5da2/grpcio-1.83.0-cp311-cp311-linux_armv7l.whl", hash = "sha256:8ff0b8767ddd62704e0d9571c1890af08d84a3a689ebba1807e62519d0b3277f", size = 6338720, upload-time = "2026-07-23T15:19:13.177Z" },
    { url = "https://files.pythonhosted.org/packages/21/cc/d14833d15d5984e366f1b027fa78bd038c9b028c66880bffb0f5a4d25ee2/grpcio-1.83.0-cp311-cp311-macosx_11_0_universal2.whl", hash = "sha256:4772402f43517b4824980be4b3b2274a81eec0004a70009473c31b340d43e223", size = 12178773, upload-time = "2026-07-23T15:19:15.401Z" },
    { url = "https://files.pythonhosted.org/packages/6b/98/8acbb416544e7871132d8e42a07ed70c802d70e6a16c6009e505a34d32a4/grpcio-1.83.0-cp311-cp311-manylinux2014_aarch64.manylinux_2_17_aarch64.whl", hash = "sha256:f4cee5fc86e84a0cf7ad1574b454c3320e087c07f55b7df5dc0ac6a873fb90c0", size = 6921203, upload-time = "2026-07-23T15:19:17.824Z" },
    { url = "https://files.pythonhosted.org/packages/45/9c/0fdbfaf4fc54e5c88f6bce4008a065092fe7fbc4460eb5617ae8b20fd505/grpcio-1.83.0-cp311-cp311-manylinux2014_i686.manylinux_2_17_i686.whl", hash = "sha256:f5e822a7e7d03282f6ad225e710493c48b9057a353358344a5f7c42b2b37618d", size = 7648508, upload-time = "2026-07-23T15:19:19.685Z" },
    { url = "https://files.pythonhosted.org/packages/f3/ea/107b9dbb2ed3ad14dd774fd3dde7d29ff9938a6c198654becb2c3a0e9a6a/grpcio-1.83.0-cp311-cp311-manylinux2014_x86_64.manylinux_2_17_x86_64.whl", hash = "sha256:f5f410d7c2903eabb34789dfd6342eef04af1ad459943936b7e09a9f5bd417b9", size = 7079466, upload-time = "2026-07-23T15:19:21.478Z" },
    { url = "https://files.pythonhosted.org/packages/3b/06/9fa9941089e6fae83b060b6ce61c1e81053e52decae43197245f45e07d36/grpcio-1.83.0-cp311-cp311-musllinux_1_2_aarch64.whl", hash = "sha256:ee94a4016fdf8699fb1fd8a38652475ff677f1c72074cee44deeeb9a7e95e745", size = 7605583, upload-time = "2026-07-23T15:19:23.74Z" },
    { url = "https://files.pythonhosted.org/packages/a8/2f/f10fb56062dc2771c630827a82d9ad0ecd05cad572ea3b08d49f6631680a/grpcio-1.83.0-cp311-cp311-musllinux_1_2_i686.whl", hash = "sha256:c6444666317338e903093c7c756e6cc88eee59f798cb8dd41e87725bf54e1617", size = 8637810, upload-time = "2026-07-23T15:19:25.536Z" },
    { url = "https://files.pythonhosted.org/packages/99/55/f84927258f6a1b6ea6dea661fdc6de859b35e560c96f3012d15ccd39f85e/grpcio-1.83.0-cp311-cp311-musllinux_1_2_x86_64.whl", hash = "sha256:aa074041231f03959cb097dd5517b0677b8ea49215bae01d5710a7b69dd59969", size = 8008021, upload-time = "2026-07-23T15:19:27.863Z" },
    { url = "https://files.pythonhosted.org/packages/c9/6b/cdf72161397ccd29d4ca2192f641524536c9cf54ad948c9dd0e0e01138fa/grpcio-1.83.0-cp311-cp311-win32.whl", hash = "sha256:cb056f6e171c42639a50460b2929c82241fda51f71cf3dcdd68090fe45095a45", size = 4404376, upload-time = "2026-07-23T15:19:30.137Z" },
    { url = "https://files.pythonhosted.org/packages/df/ed/e0ffeb4c848699c194dc9fb6a29ab29bcb2b6aac8c416bf18c51bfe8242c/grpcio-1.83.0-cp311-cp311-win_amd64.whl", hash = "sha256:7416952ca770477990257206276999056f8316d79196f2f25942393e58a20b49", size = 5164469, upload-time = "2026-07-23T15:19:31.941Z" },
]

[[package]]
name = "numpy"
version = "2.4.3"
source = { registry = "https://pypi.org/simple" }
sdist = { url = "https://files.pythonhosted.org/packages/10/8b/c265f4823726ab832de836cdd184d0986dcf94480f81e8739692a7ac7af2/numpy-2.4.3.tar.gz", hash = "sha256:483a201202b73495f00dbc83796c6ae63137a9bdade074f7648b3e32613412dd", size = 20727743, upload-time = "2026-03-09T07:58:53.426Z" }
wheels = [
    { url = "https://files.pythonhosted.org/packages/f9/51/5093a2df15c4dc19da3f79d1021e891f5dcf1d9d1db6ba38891d5590f3fe/numpy-2.4.3-cp311-cp311-macosx_10_9_x86_64.whl", hash = "sha256:33b3bf58ee84b172c067f56aeadc7ee9ab6de69c5e800ab5b10295d54c581adb", size = 16957183, upload-time = "2026-03-09T07:55:57.774Z" },
    { url = "https://files.pythonhosted.org/packages/b5/7c/c061f3de0630941073d2598dc271ac2f6cbcf5c83c74a5870fea07488333/numpy-2.4.3-cp311-cp311-macosx_11_0_arm64.whl", hash = "sha256:8ba7b51e71c05aa1f9bc3641463cd82308eab40ce0d5c7e1fd4038cbf9938147", size = 14968734, upload-time = "2026-03-09T07:56:00.494Z" },
    { url = "https://files.pythonhosted.org/packages/ef/27/d26c85cbcd86b26e4f125b0668e7a7c0542d19dd7d23ee12e87b550e95b5/numpy-2.4.3-cp311-cp311-macosx_14_0_arm64.whl", hash = "sha256:a1988292870c7cb9d0ebb4cc96b4d447513a9644801de54606dc7aabf2b7d920", size = 5475288, upload-time = "2026-03-09T07:56:02.857Z" },
    { url = "https://files.pythonhosted.org/packages/2b/09/3c4abbc1dcd8010bf1a611d174c7aa689fc505585ec806111b4406f6f1b1/numpy-2.4.3-cp311-cp311-macosx_14_0_x86_64.whl", hash = "sha256:23b46bb6d8ecb68b58c09944483c135ae5f0e9b8d8858ece5e4ead783771d2a9", size = 6805253, upload-time = "2026-03-09T07:56:04.53Z" },
    { url = "https://files.pythonhosted.org/packages/21/bc/e7aa3f6817e40c3f517d407742337cbb8e6fc4b83ce0b55ab780c829243b/numpy-2.4.3-cp311-cp311-manylinux_2_27_aarch64.manylinux_2_28_aarch64.whl", hash = "sha256:a016db5c5dba78fa8fe9f5d80d6708f9c42ab087a739803c0ac83a43d686a470", size = 15969479, upload-time = "2026-03-09T07:56:06.638Z" },
    { url = "https://files.pythonhosted.org/packages/78/51/9f5d7a41f0b51649ddf2f2320595e15e122a40610b233d51928dd6c92353/numpy-2.4.3-cp311-cp311-manylinux_2_27_x86_64.manylinux_2_28_x86_64.whl", hash = "sha256:715de7f82e192e8cae5a507a347d97ad17598f8e026152ca97233e3666daaa71", size = 16901035, upload-time = "2026-03-09T07:56:09.405Z" },
    { url = "https://files.pythonhosted.org/packages/64/6e/b221dd847d7181bc5ee4857bfb026182ef69499f9305eb1371cbb1aea626/numpy-2.4.3-cp311-cp311-musllinux_1_2_aarch64.whl", hash = "sha256:2ddb7919366ee468342b91dea2352824c25b55814a987847b6c52003a7c97f15", size = 17325657, upload-time = "2026-03-09T07:56:12.067Z" },
    { url = "https://files.pythonhosted.org/packages/eb/b8/8f3fd2da596e1063964b758b5e3c970aed1949a05200d7e3d46a9d46d643/numpy-2.4.3-cp311-cp311-musllinux_1_2_x86_64.whl", hash = "sha256:a315e5234d88067f2d97e1f2ef670a7569df445d55400f1e33d117418d008d52", size = 18635512, upload-time = "2026-03-09T07:56:14.629Z" },
    { url = "https://files.pythonhosted.org/packages/5c/24/2993b775c37e39d2f8ab4125b44337ab0b2ba106c100980b7c274a22bee7/numpy-2.4.3-cp311-cp311-win32.whl", hash = "sha256:2b3f8d2c4589b1a2028d2a770b0fc4d1f332fb5e01521f4de3199a896d158ddd", size = 6238100, upload-time = "2026-03-09T07:56:17.243Z" },
    { url = "https://files.pythonhosted.org/packages/76/1d/edccf27adedb754db7c4511d5eac8b83f004ae948fe2d3509e8b78097d4c/numpy-2.4.3-cp311-cp311-win_amd64.whl", hash = "sha256:77e76d932c49a75617c6d13464e41203cd410956614d0a0e999b25e9e8d27eec", size = 12609816, upload-time = "2026-03-09T07:56:19.089Z" },
    { url = "https://files.pythonhosted.org/packages/92/82/190b99153480076c8dce85f4cfe7d53ea84444145ffa54cb58dcd460d66b/numpy-2.4.3-cp311-cp311-win_arm64.whl", hash = "sha256:eb610595dd91560905c132c709412b512135a60f1851ccbd2c959e136431ff67", size = 10485757, upload-time = "2026-03-09T07:56:21.753Z" },
    { url = "https://files.pythonhosted.org/packages/64/e4/4dab9fb43c83719c29241c535d9e07be73bea4bc0c6686c5816d8e1b6689/numpy-2.4.3-pp311-pypy311_pp73-macosx_10_15_x86_64.whl", hash = "sha256:c6b124bfcafb9e8d3ed09130dbee44848c20b3e758b6bbf006e641778927c028", size = 16834892, upload-time = "2026-03-09T07:58:35.334Z" },
    { url = "https://files.pythonhosted.org/packages/c9/29/f8b6d4af90fed3dfda84ebc0df06c9833d38880c79ce954e5b661758aa31/numpy-2.4.3-pp311-pypy311_pp73-macosx_11_0_arm64.whl", hash = "sha256:76dbb9d4e43c16cf9aa711fcd8de1e2eeb27539dcefb60a1d5e9f12fae1d1ed8", size = 14893070, upload-time = "2026-03-09T07:58:37.7Z" },
    { url = "https://files.pythonhosted.org/packages/9a/04/a19b3c91dbec0a49269407f15d5753673a09832daed40c45e8150e6fa558/numpy-2.4.3-pp311-pypy311_pp73-macosx_14_0_arm64.whl", hash = "sha256:29363fbfa6f8ee855d7569c96ce524845e3d726d6c19b29eceec7dd555dab152", size = 5399609, upload-time = "2026-03-09T07:58:39.853Z" },
    { url = "https://files.pythonhosted.org/packages/79/34/4d73603f5420eab89ea8a67097b31364bf7c30f811d4dd84b1659c7476d9/numpy-2.4.3-pp311-pypy311_pp73-macosx_14_0_x86_64.whl", hash = "sha256:bc71942c789ef415a37f0d4eab90341425a00d538cd0642445d30b41023d3395", size = 6714355, upload-time = "2026-03-09T07:58:42.365Z" },
    { url = "https://files.pythonhosted.org/packages/58/ad/1100d7229bb248394939a12a8074d485b655e8ed44207d328fdd7fcebc7b/numpy-2.4.3-pp311-pypy311_pp73-manylinux_2_27_aarch64.manylinux_2_28_aarch64.whl", hash = "sha256:7e58765ad74dcebd3ef0208a5078fba32dc8ec3578fe84a604432950cd043d79", size = 15800434, upload-time = "2026-03-09T07:58:44.837Z" },
    { url = "https://files.pythonhosted.org/packages/0c/fd/16d710c085d28ba4feaf29ac60c936c9d662e390344f94a6beaa2ac9899b/numpy-2.4.3-pp311-pypy311_pp73-manylinux_2_27_x86_64.manylinux_2_28_x86_64.whl", hash = "sha256:8e236dbda4e1d319d681afcbb136c0c4a8e0f1a5c58ceec2adebb547357fe857", size = 16729409, upload-time = "2026-03-09T07:58:47.972Z" },
    { url = "https://files.pythonhosted.org/packages/57/a7/b35835e278c18b85206834b3aa3abe68e77a98769c59233d1f6300284781/numpy-2.4.3-pp311-pypy311_pp73-win_amd64.whl", hash = "sha256:4b42639cdde6d24e732ff823a3fa5b701d8acad89c4142bc1d0bd6dc85200ba5", size = 12504685, upload-time = "2026-03-09T07:58:50.525Z" },
]

[[package]]
name = "opencv-contrib-python-headless"
version = "4.13.0.92"
source = { registry = "https://pypi.org/simple" }
dependencies = [
    { name = "numpy" },
]
wheels = [
    { url = "https://files.pythonhosted.org/packages/70/b5/9af5b81d9279e9982e21dad52f8a6aec10f7c891ae1e3d3d1b3ce111f8e7/opencv_contrib_python_headless-4.13.0.92-cp37-abi3-macosx_13_0_arm64.whl", hash = "sha256:b0467988c2d56c283b00fb808e0b57f5db2e3ca7743164a3b3efc733bfa03d3a", size = 52041681, upload-time = "2026-02-05T07:01:39.651Z" },
    { url = "https://files.pythonhosted.org/packages/c5/42/f0aef27baf1f376007b018b00f6c304c42c20d31aa8491633c53b18912cb/opencv_contrib_python_headless-4.13.0.92-cp37-abi3-macosx_14_0_x86_64.whl", hash = "sha256:79e503b77880d806a1b106ff8182c6f898347ccfd1db58ffc9a6369acc236c4c", size = 38830456, upload-time = "2026-02-05T07:01:56.47Z" },
    { url = "https://files.pythonhosted.org/packages/14/84/e6b3568f9147b4f114e881fb0e733fd97bdca15452feba78b510351584d1/opencv_contrib_python_headless-4.13.0.92-cp37-abi3-manylinux2014_aarch64.manylinux_2_17_aarch64.whl", hash = "sha256:449c1f00a685a3a7dff8d6fa93a70fbfe0de5537c24358ea03a1d996d12b33e8", size = 39355323, upload-time = "2026-02-05T10:17:31.671Z" },
    { url = "https://files.pythonhosted.org/packages/6e/09/89714580c617cf6e9f66eed9137759fc017ab6ab093c2a03227e8ee19578/opencv_contrib_python_headless-4.13.0.92-cp37-abi3-manylinux2014_x86_64.manylinux_2_17_x86_64.whl", hash = "sha256:c9b028adc04f6579f37227eb1d648bead14fd6fefc58da86df37c8320351f7bd", size = 62147375, upload-time = "2026-02-05T10:20:03.076Z" },
    { url = "https://files.pythonhosted.org/packages/6f/29/abdd2ff2f8f07e9aa37c70edc9987b8aa63730ae70957c378f6f2e9d72d2/opencv_contrib_python_headless-4.13.0.92-cp37-abi3-manylinux_2_28_aarch64.whl", hash = "sha256:cdd974b34801f24735d18b1057cfaab1698d5cb02c9bba01dab7dc47201f2ef6", size = 40840722, upload-time = "2026-02-05T10:21:27.877Z" },
    { url = "https://files.pythonhosted.org/packages/2b/0a/3194fdf035ef5123bd8cc3e3ad1a96c1ddeeedd0fdd12aaa0d2cfeb1649a/opencv_contrib_python_headless-4.13.0.92-cp37-abi3-manylinux_2_28_x86_64.whl", hash = "sha256:9e26469baed9069f627ea56fa46819690c4545580362071dd09f1dcf47a40f2f", size = 66610130, upload-time = "2026-02-05T10:23:32.427Z" },
    { url = "https://files.pythonhosted.org/packages/ca/4b/afe9b43c02b86b675a3d3ac6fc220473a88016e1acb487f5138efd2d2630/opencv_contrib_python_headless-4.13.0.92-cp37-abi3-win32.whl", hash = "sha256:696a6dd84d309a499efc63644e375f035447b1da777faa2954f2dea7626cc0e7", size = 36708602, upload-time = "2026-02-05T07:02:36.041Z" },
    { url = "https://files.pythonhosted.org/packages/23/22/9fdc70520eb915b46d816f9cc5415458b1bd114a65d7a7e657cbd9b863e5/opencv_contrib_python_headless-4.13.0.92-cp37-abi3-win_amd64.whl", hash = "sha256:dcbb12d04ae74f5dcd782e3b166e1894c6fbdfaaf30866588746205d2a0cde5a", size = 46345416, upload-time = "2026-02-05T07:02:33.446Z" },
]

[[package]]
name = "prometheus-client"
version = "0.24.1"
source = { registry = "https://pypi.org/simple" }
sdist = { url = "https://files.pythonhosted.org/packages/f0/58/a794d23feb6b00fc0c72787d7e87d872a6730dd9ed7c7b3e954637d8f280/prometheus_client-0.24.1.tar.gz", hash = "sha256:7e0ced7fbbd40f7b84962d5d2ab6f17ef88a72504dcf7c0b40737b43b2a461f9", size = 85616, upload-time = "2026-01-14T15:26:26.965Z" }
wheels = [
    { url = "https://files.pythonhosted.org/packages/74/c3/24a2f845e3917201628ecaba4f18bab4d18a337834c1df2a159ee9d22a42/prometheus_client-0.24.1-py3-none-any.whl", hash = "sha256:150db128af71a5c2482b36e588fc8a6b95e498750da4b17065947c16070f4055", size = 64057, upload-time = "2026-01-14T15:26:24.42Z" },
]

[[package]]
name = "protobuf"
version = "7.35.1"
source = { registry = "https://pypi.org/simple" }
sdist = { url = "https://files.pythonhosted.org/packages/da/01/9ef0afd7999eb9badb3a768b4aedd78c86d4c65cfaf1958ab276199e76b4/protobuf-7.35.1.tar.gz", hash = "sha256:ce115a26fe0c39a2c29973d914d327e516a6455464489fe3cd1e51a1b354f81a", size = 458717, upload-time = "2026-06-11T21:55:40.257Z" }
wheels = [
    { url = "https://files.pythonhosted.org/packages/10/03/8aeeb7458d22546bf64b5250ca1daeb5ff757d900e8e4a7476c6f0db843e/protobuf-7.35.1-cp310-abi3-macosx_10_9_universal2.whl", hash = "sha256:24f857477359a85c0c235261b8ba905fd51b2562f4a64ca1df5473f29850cbf6", size = 433226, upload-time = "2026-06-11T21:55:31.719Z" },
    { url = "https://files.pythonhosted.org/packages/37/4b/dfb89eb0e652a1ff073c39a59fb5e3a83cfe9b57a2c83fa6d78270101767/protobuf-7.35.1-cp310-abi3-manylinux2014_aarch64.whl", hash = "sha256:11d6b0ec246892d85215b0a13ca6e0233cf5284b68f0ac02646427f4ff88a799", size = 328847, upload-time = "2026-06-11T21:55:34.035Z" },
    { url = "https://files.pythonhosted.org/packages/0f/58/dc12f2cd484951524af6e3382c785869b9b3fb5e52ee95ae23add53ee8f9/protobuf-7.35.1-cp310-abi3-manylinux2014_s390x.whl", hash = "sha256:b73f9489a4b8b1c9cb1f8ed951c736392592edb24b9d6819f36d2e10b171d5b4", size = 344030, upload-time = "2026-06-11T21:55:34.941Z" },
    { url = "https://files.pythonhosted.org/packages/e4/be/5b3cfe508bfab6761414ff944e3366eb13be4fd71efcd69450f89ba39f43/protobuf-7.35.1-cp310-abi3-manylinux2014_x86_64.whl", hash = "sha256:74758715c53d7158fb76caf4f0cfdacc5329a4b1bb994f865d6cf302d413a1c4", size = 327130, upload-time = "2026-06-11T21:55:35.921Z" },
    { url = "https://files.pythonhosted.org/packages/d8/bc/6d6c7ba8709c85f8f2c390b2b118d6fb08a783676a572271851bf45a7d22/protobuf-7.35.1-cp310-abi3-win32.whl", hash = "sha256:353652e4efd0bca5b5fc2656abf8307ef351f0cf938c9eba09f0e09c20a25c30", size = 428945, upload-time = "2026-06-11T21:55:37.034Z" },
    { url = "https://files.pythonhosted.org/packages/0a/19/8d0cb6f20a1ef7b18f1c8986ad5783f22f84cce39c6ce9a6e645ea55192e/protobuf-7.35.1-cp310-abi3-win_amd64.whl", hash = "sha256:230a75ddfc2de4806e56696ce9640c1cdfdb6543b7cfce98d42a4c0a0e7bdb87", size = 439996, upload-time = "2026-06-11T21:55:38.123Z" },
    { url = "https://files.pythonhosted.org/packages/19/c7/5f7c636ec43e0c545e28d1f1db71990108306f7bdcb89f069ba97e428e7f/protobuf-7.35.1-py3-none-any.whl", hash = "sha256:4bc97768d8fe4ad6743c8a19403e314511ed9f6d13205b687e52421c023ac1b9", size = 171659, upload-time = "2026-06-11T21:55:39.155Z" },
]

[[package]]
name = "pycparser"
version = "3.0"
source = { registry = "https://pypi.org/simple" }
sdist = { url = "https://files.pythonhosted.org/packages/1b/7d/92392ff7815c21062bea51aa7b87d45576f649f16458d78b7cf94b9ab2e6/pycparser-3.0.tar.gz", hash = "sha256:600f49d217304a5902ac3c37e1281c9fe94e4d0489de643a9504c5cdfdfc6b29", size = 103492, upload-time = "2026-01-21T14:26:51.89Z" }
wheels = [
    { url = "https://files.pythonhosted.org/packages/0c/c3/44f3fbbfa403ea2a7c779186dc20772604442dde72947e7d01069cbe98e3/pycparser-3.0-py3-none-any.whl", hash = "sha256:b727414169a36b7d524c1c3e31839a521725078d7b2ff038656844266160a992", size = 48172, upload-time = "2026-01-21T14:26:50.693Z" },
]

[[package]]
name = "pyzmq"
version = "27.1.0"
source = { registry = "https://pypi.org/simple" }
dependencies = [
    { name = "cffi", marker = "implementation_name == 'pypy'" },
]
sdist = { url = "https://files.pythonhosted.org/packages/04/0b/3c9baedbdf613ecaa7aa07027780b8867f57b6293b6ee50de316c9f3222b/pyzmq-27.1.0.tar.gz", hash = "sha256:ac0765e3d44455adb6ddbf4417dcce460fc40a05978c08efdf2948072f6db540", size = 281750, upload-time = "2025-09-08T23:10:18.157Z" }
wheels = [
    { url = "https://files.pythonhosted.org/packages/06/5d/305323ba86b284e6fcb0d842d6adaa2999035f70f8c38a9b6d21ad28c3d4/pyzmq-27.1.0-cp311-cp311-macosx_10_15_universal2.whl", hash = "sha256:226b091818d461a3bef763805e75685e478ac17e9008f49fce2d3e52b3d58b86", size = 1333328, upload-time = "2025-09-08T23:07:45.946Z" },
    { url = "https://files.pythonhosted.org/packages/bd/a0/fc7e78a23748ad5443ac3275943457e8452da67fda347e05260261108cbc/pyzmq-27.1.0-cp311-cp311-manylinux2014_i686.manylinux_2_17_i686.whl", hash = "sha256:0790a0161c281ca9723f804871b4027f2e8b5a528d357c8952d08cd1a9c15581", size = 908803, upload-time = "2025-09-08T23:07:47.551Z" },
    { url = "https://files.pythonhosted.org/packages/7e/22/37d15eb05f3bdfa4abea6f6d96eb3bb58585fbd3e4e0ded4e743bc650c97/pyzmq-27.1.0-cp311-cp311-manylinux_2_26_aarch64.manylinux_2_28_aarch64.whl", hash = "sha256:c895a6f35476b0c3a54e3eb6ccf41bf3018de937016e6e18748317f25d4e925f", size = 668836, upload-time = "2025-09-08T23:07:49.436Z" },
    { url = "https://files.pythonhosted.org/packages/b1/c4/2a6fe5111a01005fc7af3878259ce17684fabb8852815eda6225620f3c59/pyzmq-27.1.0-cp311-cp311-manylinux_2_26_x86_64.manylinux_2_28_x86_64.whl", hash = "sha256:5bbf8d3630bf96550b3be8e1fc0fea5cbdc8d5466c1192887bd94869da17a63e", size = 857038, upload-time = "2025-09-08T23:07:51.234Z" },
    { url = "https://files.pythonhosted.org/packages/cb/eb/bfdcb41d0db9cd233d6fb22dc131583774135505ada800ebf14dfb0a7c40/pyzmq-27.1.0-cp311-cp311-musllinux_1_2_aarch64.whl", hash = "sha256:15c8bd0fe0dabf808e2d7a681398c4e5ded70a551ab47482067a572c054c8e2e", size = 1657531, upload-time = "2025-09-08T23:07:52.795Z" },
    { url = "https://files.pythonhosted.org/packages/ab/21/e3180ca269ed4a0de5c34417dfe71a8ae80421198be83ee619a8a485b0c7/pyzmq-27.1.0-cp311-cp311-musllinux_1_2_i686.whl", hash = "sha256:bafcb3dd171b4ae9f19ee6380dfc71ce0390fefaf26b504c0e5f628d7c8c54f2", size = 2034786, upload-time = "2025-09-08T23:07:55.047Z" },
    { url = "https://files.pythonhosted.org/packages/3b/b1/5e21d0b517434b7f33588ff76c177c5a167858cc38ef740608898cd329f2/pyzmq-27.1.0-cp311-cp311-musllinux_1_2_x86_64.whl", hash = "sha256:e829529fcaa09937189178115c49c504e69289abd39967cd8a4c215761373394", size = 1894220, upload-time = "2025-09-08T23:07:57.172Z" },
    { url = "https://files.pythonhosted.org/packages/03/f2/44913a6ff6941905efc24a1acf3d3cb6146b636c546c7406c38c49c403d4/pyzmq-27.1.0-cp311-cp311-win32.whl", hash = "sha256:6df079c47d5902af6db298ec92151db82ecb557af663098b92f2508c398bb54f", size = 567155, upload-time = "2025-09-08T23:07:59.05Z" },
    { url = "https://files.pythonhosted.org/packages/23/6d/d8d92a0eb270a925c9b4dd039c0b4dc10abc2fcbc48331788824ef113935/pyzmq-27.1.0-cp311-cp311-win_amd64.whl", hash = "sha256:190cbf120fbc0fc4957b56866830def56628934a9d112aec0e2507aa6a032b97", size = 633428, upload-time = "2025-09-08T23:08:00.663Z" },
    { url = "https://files.pythonhosted.org/packages/ae/14/01afebc96c5abbbd713ecfc7469cfb1bc801c819a74ed5c9fad9a48801cb/pyzmq-27.1.0-cp311-cp311-win_arm64.whl", hash = "sha256:eca6b47df11a132d1745eb3b5b5e557a7dae2c303277aa0e69c6ba91b8736e07", size = 559497, upload-time = "2025-09-08T23:08:02.15Z" },
    { url = "https://files.pythonhosted.org/packages/92/e7/038aab64a946d535901103da16b953c8c9cc9c961dadcbf3609ed6428d23/pyzmq-27.1.0-cp312-abi3-macosx_10_15_universal2.whl", hash = "sha256:452631b640340c928fa343801b0d07eb0c3789a5ffa843f6e1a9cee0ba4eb4fc", size = 1306279, upload-time = "2025-09-08T23:08:03.807Z" },
    { url = "https://files.pythonhosted.org/packages/e8/5e/c3c49fdd0f535ef45eefcc16934648e9e59dace4a37ee88fc53f6cd8e641/pyzmq-27.1.0-cp312-abi3-manylinux2014_i686.manylinux_2_17_i686.whl", hash = "sha256:1c179799b118e554b66da67d88ed66cd37a169f1f23b5d9f0a231b4e8d44a113", size = 895645, upload-time = "2025-09-08T23:08:05.301Z" },
    { url = "https://files.pythonhosted.org/packages/f8/e5/b0b2504cb4e903a74dcf1ebae157f9e20ebb6ea76095f6cfffea28c42ecd/pyzmq-27.1.0-cp312-abi3-manylinux_2_26_aarch64.manylinux_2_28_aarch64.whl", hash = "sha256:3837439b7f99e60312f0c926a6ad437b067356dc2bc2ec96eb395fd0fe804233", size = 652574, upload-time = "2025-09-08T23:08:06.828Z" },
    { url = "https://files.pythonhosted.org/packages/f8/9b/c108cdb55560eaf253f0cbdb61b29971e9fb34d9c3499b0e96e4e60ed8a5/pyzmq-27.1.0-cp312-abi3-manylinux_2_26_x86_64.manylinux_2_28_x86_64.whl", hash = "sha256:43ad9a73e3da1fab5b0e7e13402f0b2fb934ae1c876c51d0afff0e7c052eca31", size = 840995, upload-time = "2025-09-08T23:08:08.396Z" },
    { url = "https://files.pythonhosted.org/packages/c2/bb/b79798ca177b9eb0825b4c9998c6af8cd2a7f15a6a1a4272c1d1a21d382f/pyzmq-27.1.0-cp312-abi3-musllinux_1_2_aarch64.whl", hash = "sha256:0de3028d69d4cdc475bfe47a6128eb38d8bc0e8f4d69646adfbcd840facbac28", size = 1642070, upload-time = "2025-09-08T23:08:09.989Z" },
    { url = "https://files.pythonhosted.org/packages/9c/80/2df2e7977c4ede24c79ae39dcef3899bfc5f34d1ca7a5b24f182c9b7a9ca/pyzmq-27.1.0-cp312-abi3-musllinux_1_2_i686.whl", hash = "sha256:cf44a7763aea9298c0aa7dbf859f87ed7012de8bda0f3977b6fb1d96745df856", size = 2021121, upload-time = "2025-09-08T23:08:11.907Z" },
    { url = "https://files.pythonhosted.org/packages/46/bd/2d45ad24f5f5ae7e8d01525eb76786fa7557136555cac7d929880519e33a/pyzmq-27.1.0-cp312-abi3-musllinux_1_2_x86_64.whl", hash = "sha256:f30f395a9e6fbca195400ce833c731e7b64c3919aa481af4d88c3759e0cb7496", size = 1878550, upload-time = "2025-09-08T23:08:13.513Z" },
    { url = "https://files.pythonhosted.org/packages/e6/2f/104c0a3c778d7c2ab8190e9db4f62f0b6957b53c9d87db77c284b69f33ea/pyzmq-27.1.0-cp312-abi3-win32.whl", hash = "sha256:250e5436a4ba13885494412b3da5d518cd0d3a278a1ae640e113c073a5f88edd", size = 559184, upload-time = "2025-09-08T23:08:15.163Z" },
    { url = "https://files.pythonhosted.org/packages/fc/7f/a21b20d577e4100c6a41795842028235998a643b1ad406a6d4163ea8f53e/pyzmq-27.1.0-cp312-abi3-win_amd64.whl", hash = "sha256:9ce490cf1d2ca2ad84733aa1d69ce6855372cb5ce9223802450c9b2a7cba0ccf", size = 619480, upload-time = "2025-09-08T23:08:17.192Z" },
    { url = "https://files.pythonhosted.org/packages/78/c2/c012beae5f76b72f007a9e91ee9401cb88c51d0f83c6257a03e785c81cc2/pyzmq-27.1.0-cp312-abi3-win_arm64.whl", hash = "sha256:75a2f36223f0d535a0c919e23615fc85a1e23b71f40c7eb43d7b1dedb4d8f15f", size = 552993, upload-time = "2025-09-08T23:08:18.926Z" },
    { url = "https://files.pythonhosted.org/packages/4c/c6/c4dcdecdbaa70969ee1fdced6d7b8f60cfabe64d25361f27ac4665a70620/pyzmq-27.1.0-pp311-pypy311_pp73-macosx_10_15_x86_64.whl", hash = "sha256:18770c8d3563715387139060d37859c02ce40718d1faf299abddcdcc6a649066", size = 836265, upload-time = "2025-09-08T23:09:49.376Z" },
    { url = "https://files.pythonhosted.org/packages/3e/79/f38c92eeaeb03a2ccc2ba9866f0439593bb08c5e3b714ac1d553e5c96e25/pyzmq-27.1.0-pp311-pypy311_pp73-manylinux2014_i686.manylinux_2_17_i686.whl", hash = "sha256:ac25465d42f92e990f8d8b0546b01c391ad431c3bf447683fdc40565941d0604", size = 800208, upload-time = "2025-09-08T23:09:51.073Z" },
    { url = "https://files.pythonhosted.org/packages/49/0e/3f0d0d335c6b3abb9b7b723776d0b21fa7f3a6c819a0db6097059aada160/pyzmq-27.1.0-pp311-pypy311_pp73-manylinux_2_26_aarch64.manylinux_2_28_aarch64.whl", hash = "sha256:53b40f8ae006f2734ee7608d59ed661419f087521edbfc2149c3932e9c14808c", size = 567747, upload-time = "2025-09-08T23:09:52.698Z" },
    { url = "https://files.pythonhosted.org/packages/a1/cf/f2b3784d536250ffd4be70e049f3b60981235d70c6e8ce7e3ef21e1adb25/pyzmq-27.1.0-pp311-pypy311_pp73-manylinux_2_26_x86_64.manylinux_2_28_x86_64.whl", hash = "sha256:f605d884e7c8be8fe1aa94e0a783bf3f591b84c24e4bc4f3e7564c82ac25e271", size = 747371, upload-time = "2025-09-08T23:09:54.563Z" },
    { url = "https://files.pythonhosted.org/packages/01/1b/5dbe84eefc86f48473947e2f41711aded97eecef1231f4558f1f02713c12/pyzmq-27.1.0-pp311-pypy311_pp73-win_amd64.whl", hash = "sha256:c9f7f6e13dff2e44a6afeaf2cf54cee5929ad64afaf4d40b50f93c58fc687355", size = 544862, upload-time = "2025-09-08T23:09:56.509Z" },
]

[[package]]
name = "redis"
version = "7.3.0"
source = { registry = "https://pypi.org/simple" }
dependencies = [
    { name = "async-timeout", marker = "python_full_version < '3.11.3'" },
]
sdist = { url = "https://files.pythonhosted.org/packages/da/82/4d1a5279f6c1251d3d2a603a798a1137c657de9b12cfc1fba4858232c4d2/redis-7.3.0.tar.gz", hash = "sha256:4d1b768aafcf41b01022410b3cc4f15a07d9b3d6fe0c66fc967da2c88e551034", size = 4928081, upload-time = "2026-03-06T18:18:16.287Z" }
wheels = [
    { url = "https://files.pythonhosted.org/packages/f0/28/84e57fce7819e81ec5aa1bd31c42b89607241f4fb1a3ea5b0d2dbeaea26c/redis-7.3.0-py3-none-any.whl", hash = "sha256:9d4fcb002a12a5e3c3fbe005d59c48a2cc231f87fbb2f6b70c2d89bb64fec364", size = 404379, upload-time = "2026-03-06T18:18:14.583Z" },
]

[[package]]
name = "steeleagle-aruco-marker-detector"
version = "1.0.0"
source = { virtual = "." }
dependencies = [
    { name = "gabriel-server" },
    { name = "numpy" },
    { name = "opencv-contrib-python-headless" },
    { name = "redis" },
    { name = "steeleagle-protocol" },
]

[package.metadata]
requires-dist = [
    { name = "gabriel-server", specifier = ">=5.0.0" },
    { name = "numpy" },
    { name = "opencv-contrib-python-headless" },
    { name = "redis" },
    { name = "steeleagle-protocol" },
]

[[package]]
name = "steeleagle-protocol"
version = "0.1.13"
source = { registry = "https://pypi.org/simple" }
dependencies = [
    { name = "grpcio" },
    { name = "protobuf" },
]
sdist = { url = "https://files.pythonhosted.org/packages/47/0a/3e8e99293bc143b725f268738c5c76b0c1b99dc1815470315fef56b1c3bf/steeleagle_protocol-0.1.13.tar.gz", hash = "sha256:0a2e9dc31e5b898f9db4041d57bfb6e8954dcdbe692f6d0b6396015b33a8f70e", size = 21319, upload-time = "2026-07-28T15:41:47.477Z" }
wheels = [
    { url = "https://files.pythonhosted.org/packages/2c/69/1f26f3206677b4d40e3bdd870fdceae837a971445374a9ca7ea2eb45067d/steeleagle_protocol-0.1.13-py3-none-any.whl", hash = "sha256:f66fe7bd4dca81a6a9faa9c026f29a831895311a6db8126fcb3827c264bd68b0", size = 33466, upload-time = "2026-07-28T15:41:46.478Z" },
]

[[package]]
name = "typing-extensions"
version = "4.15.0"
source = { registry = "https://pypi.org/simple" }
sdist = { url = "https://files.pythonhosted.org/packages/72/94/1a15dd82efb362ac84269196e94cf00f187f7ed21c242792a923cdb1c61f/typing_extensions-4.15.0.tar.gz", hash = "sha256:0cea48d173cc12fa28ecabc3b837ea3cf6f38c6d1136f85cbaaf598984861466", size = 109391, upload-time = "2025-08-25T13:49:26.313Z" }
wheels = [
    { url = "https://files.pythonhosted.org/packages/18/67/36e9267722cc04a6b9f15c7f3441c2363321a3ea07da7ae0c0707beb2a9c/typing_extensions-4.15.0-py3-none-any.whl", hash = "sha256:f0fa19c6845758ab08074a0cfa8b7aecb71c999ca73d62883bc25cc018c4e548", size = 44614, upload-time = "2025-08-25T13:49:24.86Z" },
]

[[package]]
name = "websockets"
version = "16.0"
source = { registry = "https://pypi.org/simple" }
sdist = { url = "https://files.pythonhosted.org/packages/04/24/4b2031d72e840ce4c1ccb255f693b15c334757fc50023e4db9537080b8c4/websockets-16.0.tar.gz", hash = "sha256:5f6261a5e56e8d5c42a4497b364ea24d94d9563e8fbd44e78ac40879c60179b5", size = 179346, upload-time = "2026-01-10T09:23:47.181Z" }
wheels = [
    { url = "https://files.pythonhosted.org/packages/f2/db/de907251b4ff46ae804ad0409809504153b3f30984daf82a1d84a9875830/websockets-16.0-cp311-cp311-macosx_10_9_universal2.whl", hash = "sha256:31a52addea25187bde0797a97d6fc3d2f92b6f72a9370792d65a6e84615ac8a8", size = 177340, upload-time = "2026-01-10T09:22:34.539Z" },
    { url = "https://files.pythonhosted.org/packages/f3/fa/abe89019d8d8815c8781e90d697dec52523fb8ebe308bf11664e8de1877e/websockets-16.0-cp311-cp311-macosx_10_9_x86_64.whl", hash = "sha256:417b28978cdccab24f46400586d128366313e8a96312e4b9362a4af504f3bbad", size = 175022, upload-time = "2026-01-10T09:22:36.332Z" },
    { url = "https://files.pythonhosted.org/packages/58/5d/88ea17ed1ded2079358b40d31d48abe90a73c9e5819dbcde1606e991e2ad/websockets-16.0-cp311-cp311-macosx_11_0_arm64.whl", hash = "sha256:af80d74d4edfa3cb9ed973a0a5ba2b2a549371f8a741e0800cb07becdd20f23d", size = 175319, upload-time = "2026-01-10T09:22:37.602Z" },
    { url = "https://files.pythonhosted.org/packages/d2/ae/0ee92b33087a33632f37a635e11e1d99d429d3d323329675a6022312aac2/websockets-16.0-cp311-cp311-manylinux1_x86_64.manylinux_2_28_x86_64.manylinux_2_5_x86_64.whl", hash = "sha256:08d7af67b64d29823fed316505a89b86705f2b7981c07848fb5e3ea3020c1abe", size = 184631, upload-time = "2026-01-10T09:22:38.789Z" },
    { url = "https://files.pythonhosted.org/packages/c8/c5/27178df583b6c5b31b29f526ba2da5e2f864ecc79c99dae630a85d68c304/websockets-16.0-cp311-cp311-manylinux2014_aarch64.manylinux_2_17_aarch64.manylinux_2_28_aarch64.whl", hash = "sha256:7be95cfb0a4dae143eaed2bcba8ac23f4892d8971311f1b06f3c6b78952ee70b", size = 185870, upload-time = "2026-01-10T09:22:39.893Z" },
    { url = "https://files.pythonhosted.org/packages/87/05/536652aa84ddc1c018dbb7e2c4cbcd0db884580bf8e95aece7593fde526f/websockets-16.0-cp311-cp311-musllinux_1_2_aarch64.whl", hash = "sha256:d6297ce39ce5c2e6feb13c1a996a2ded3b6832155fcfc920265c76f24c7cceb5", size = 185361, upload-time = "2026-01-10T09:22:41.016Z" },
    { url = "https://files.pythonhosted.org/packages/6d/e2/d5332c90da12b1e01f06fb1b85c50cfc489783076547415bf9f0a659ec19/websockets-16.0-cp311-cp311-musllinux_1_2_x86_64.whl", hash = "sha256:1c1b30e4f497b0b354057f3467f56244c603a79c0d1dafce1d16c283c25f6e64", size = 184615, upload-time = "2026-01-10T09:22:42.442Z" },
    { url = "https://files.pythonhosted.org/packages/77/fb/d3f9576691cae9253b51555f841bc6600bf0a983a461c79500ace5a5b364/websockets-16.0-cp311-cp311-win32.whl", hash = "sha256:5f451484aeb5cafee1ccf789b1b66f535409d038c56966d6101740c1614b86c6", size = 178246, upload-time = "2026-01-10T09:22:43.654Z" },
    { url = "https://files.pythonhosted.org/packages/54/67/eaff76b3dbaf18dcddabc3b8c1dba50b483761cccff67793897945b37408/websockets-16.0-cp311-cp311-win_amd64.whl", hash = "sha256:8d7f0659570eefb578dacde98e24fb60af35350193e4f56e11190787bee77dac", size = 178684, upload-time = "2026-01-10T09:22:44.941Z" },
    { url = "https://files.pythonhosted.org/packages/72/07/c98a68571dcf256e74f1f816b8cc5eae6eb2d3d5cfa44d37f801619d9166/websockets-16.0-pp311-pypy311_pp73-macosx_10_15_x86_64.whl", hash = "sha256:349f83cd6c9a415428ee1005cadb5c2c56f4389bc06a9af16103c3bc3dcc8b7d", size = 174947, upload-time = "2026-01-10T09:23:36.166Z" },
    { url = "https://files.pythonhosted.org/packages/7e/52/93e166a81e0305b33fe416338be92ae863563fe7bce446b0f687b9df5aea/websockets-16.0-pp311-pypy311_pp73-macosx_11_0_arm64.whl", hash = "sha256:4a1aba3340a8dca8db6eb5a7986157f52eb9e436b74813764241981ca4888f03", size = 175260, upload-time = "2026-01-10T09:23:37.409Z" },
    { url = "https://files.pythonhosted.org/packages/56/0c/2dbf513bafd24889d33de2ff0368190a0e69f37bcfa19009ef819fe4d507/websockets-16.0-pp311-pypy311_pp73-manylinux1_x86_64.manylinux_2_28_x86_64.manylinux_2_5_x86_64.whl", hash = "sha256:f4a32d1bd841d4bcbffdcb3d2ce50c09c3909fbead375ab28d0181af89fd04da", size = 176071, upload-time = "2026-01-10T09:23:39.158Z" },
    { url = "https://files.pythonhosted.org/packages/a5/8f/aea9c71cc92bf9b6cc0f7f70df8f0b420636b6c96ef4feee1e16f80f75dd/websockets-16.0-pp311-pypy311_pp73-manylinux2014_aarch64.manylinux_2_17_aarch64.manylinux_2_28_aarch64.whl", hash = "sha256:0298d07ee155e2e9fda5be8a9042200dd2e3bb0b8a38482156576f863a9d457c", size = 176968, upload-time = "2026-01-10T09:23:41.031Z" },
    { url = "https://files.pythonhosted.org/packages/9a/3f/f70e03f40ffc9a30d817eef7da1be72ee4956ba8d7255c399a01b135902a/websockets-16.0-pp311-pypy311_pp73-win_amd64.whl", hash = "sha256:a653aea902e0324b52f1613332ddf50b00c06fdaf7e92624fbf8c77c78fa5767", size = 178735, upload-time = "2026-01-10T09:23:42.259Z" },
    { url = "https://files.pythonhosted.org/packages/6f/28/258ebab549c2bf3e64d2b0217b973467394a9cea8c42f70418ca2c5d0d2e/websockets-16.0-py3-none-any.whl", hash = "sha256:1637db62fad1dc833276dded54215f2c7fa46912301a24bd94d45d46a011ceec", size = 171598, upload-time = "2026-01-10T09:23:45.395Z" },
]
